
Microsoft Visual Studio Solution File, Format Version 12.00
# Visual Studio Version 16
VisualStudioVersion = 16.0.29806.167
MinimumVisualStudioVersion = 10.0.40219.1
Project("{FAE04EC0-301F-11D3-BF4B-00C04F79EFBC}") = "PPiJ_projekt", "PPiJ_projekt\PPiJ_projekt.csproj", "{69A838A0-378C-4625-9423-1F7D3484FD7E}"
EndProject
Global
	GlobalSection(SolutionConfigurationPlatforms) = preSolution
		Debug|Any CPU = Debug|Any CPU
		Release|Any CPU = Release|Any CPU
	EndGlobalSection
	GlobalSection(ProjectConfigurationPlatforms) = postSolution
		{69A838A0-378C-4625-9423-1F7D3484FD7E}.Debug|Any CPU.ActiveCfg = Debug|Any CPU
		{69A838A0-378C-4625-9423-1F7D3484FD7E}.Debug|Any CPU.Build.0 = Debug|Any CPU
		{69A838A0-378C-4625-9423-1F7D3484FD7E}.Release|Any CPU.ActiveCfg = Release|Any CPU
		{69A838A0-378C-4625-9423-1F7D3484FD7E}.Release|Any CPU.Build.0 = Release|Any CPU
	EndGlobalSection
	GlobalSection(SolutionProperties) = preSolution
		HideSolutionNode = FALSE
	EndGlobalSection
	GlobalSection(ExtensibilityGlobals) = postSolution
		SolutionGuid = {C090C8C4-DA7E-4685-B6A3-AB9758003935}
	EndGlobalSection
EndGlobal
